// !$*UTF8*$!
{
	archiveVersion = 1;
	classes = {
	};
	objectVersion = 46;
	objects = {

/* Begin PBXBuildFile section */
		180E86881BB3CC8A009067D9 /* main.m in Sources */ = {isa = PBXBuildFile; fileRef = 180E86871BB3CC8A009067D9 /* main.m */; };
		180E868B1BB3CC8A009067D9 /* AppDelegate.m in Sources */ = {isa = PBXBuildFile; fileRef = 180E868A1BB3CC8A009067D9 /* AppDelegate.m */; };
		180E868E1BB3CC8A009067D9 /* ViewController.m in Sources */ = {isa = PBXBuildFile; fileRef = 180E868D1BB3CC8A009067D9 /* ViewController.m */; };
		180E86911BB3CC8A009067D9 /* Main.storyboard in Resources */ = {isa = PBXBuildFile; fileRef = 180E868F1BB3CC8A009067D9 /* Main.storyboard */; };
		180E86931BB3CC8A009067D9 /* Assets.xcassets in Resources */ = {isa = PBXBuildFile; fileRef = 180E86921BB3CC8A009067D9 /* Assets.xcassets */; };
		180E86961BB3CC8A009067D9 /* LaunchScreen.storyboard in Resources */ = {isa = PBXBuildFile; fileRef = 180E86941BB3CC8A009067D9 /* LaunchScreen.storyboard */; };
		180E86A11BB3CC8A009067D9 /* LFSideMenuTests.m in Sources */ = {isa = PBXBuildFile; fileRef = 180E86A01BB3CC8A009067D9 /* LFSideMenuTests.m */; };
		180E86AC1BB3CC8A009067D9 /* LFSideMenuUITests.m in Sources */ = {isa = PBXBuildFile; fileRef = 180E86AB1BB3CC8A009067D9 /* LFSideMenuUITests.m */; };
		180E86BB1BB3CFEC009067D9 /* LFSideMenu.m in Sources */ = {isa = PBXBuildFile; fileRef = 180E86BA1BB3CFEC009067D9 /* LFSideMenu.m */; settings = {ASSET_TAGS = (); }; };
		1879A1DA1BB8E93B005F0623 /* icon.jpg in Resources */ = {isa = PBXBuildFile; fileRef = 1879A1D91BB8E93B005F0623 /* icon.jpg */; settings = {ASSET_TAGS = (); }; };
		18EA03E61BB8DC99007F8A11 /* LFMenuView.m in Sources */ = {isa = PBXBuildFile; fileRef = 18EA03E51BB8DC99007F8A11 /* LFMenuView.m */; settings = {ASSET_TAGS = (); }; };
/* End PBXBuildFile section */

/* Begin PBXContainerItemProxy section */
		180E869D1BB3CC8A009067D9 /* PBXContainerItemProxy */ = {
			isa = PBXContainerItemProxy;
			containerPortal = 180E867B1BB3CC8A009067D9 /* Project object */;
			proxyType = 1;
			remoteGlobalIDString = 180E86821BB3CC8A009067D9;
			remoteInfo = LFSideMenu;
		};
		180E86A81BB3CC8A009067D9 /* PBXContainerItemProxy */ = {
			isa = PBXContainerItemProxy;
			containerPortal = 180E867B1BB3CC8A009067D9 /* Project object */;
			proxyType = 1;
			remoteGlobalIDString = 180E86821BB3CC8A009067D9;
			remoteInfo = LFSideMenu;
		};
/* End PBXContainerItemProxy section */

/* Begin PBXFileReference section */
		180E86831BB3CC8A009067D9 /* LFSideMenu.app */ = {isa = PBXFileReference; explicitFileType = wrapper.application; includeInIndex = 0; path = LFSideMenu.app; sourceTree = BUILT_PRODUCTS_DIR; };
		180E86871BB3CC8A009067D9 /* main.m */ = {isa = PBXFileReference; lastKnownFileType = sourcecode.c.objc; path = main.m; sourceTree = "<group>"; };
		180E86891BB3CC8A009067D9 /* AppDelegate.h */ = {isa = PBXFileReference; lastKnownFileType = sourcecode.c.h; path = AppDelegate.h; sourceTree = "<group>"; };
		180E868A1BB3CC8A009067D9 /* AppDelegate.m */ = {isa = PBXFileReference; lastKnownFileType = sourcecode.c.objc; path = AppDelegate.m; sourceTree = "<group>"; };
		180E868C1BB3CC8A009067D9 /* ViewController.h */ = {isa = PBXFileReference; lastKnownFileType = sourcecode.c.h; path = ViewController.h; sourceTree = "<group>"; };
		180E868D1BB3CC8A009067D9 /* ViewController.m */ = {isa = PBXFileReference; lastKnownFileType = sourcecode.c.objc; path = ViewController.m; sourceTree = "<group>"; };
		180E86901BB3CC8A009067D9 /* Base */ = {isa = PBXFileReference; lastKnownFileType = file.storyboard; name = Base; path = Base.lproj/Main.storyboard; sourceTree = "<group>"; };
		180E86921BB3CC8A009067D9 /* Assets.xcassets */ = {isa = PBXFileReference; lastKnownFileType = folder.assetcatalog; path = Assets.xcassets; sourceTree = "<group>"; };
		180E86951BB3CC8A009067D9 /* Base */ = {isa = PBXFileReference; lastKnownFileType = file.storyboard; name = Base; path = Base.lproj/LaunchScreen.storyboard; sourceTree = "<group>"; };
		180E86971BB3CC8A009067D9 /* Info.plist */ = {isa = PBXFileReference; lastKnownFileType = text.plist.xml; path = Info.plist; sourceTree = "<group>"; };
		180E869C1BB3CC8A009067D9 /* LFSideMenuTests.xctest */ = {isa = PBXFileReference; explicitFileType = wrapper.cfbundle; includeInIndex = 0; path = LFSideMenuTests.xctest; sourceTree = BUILT_PRODUCTS_DIR; };
		180E86A01BB3CC8A009067D9 /* LFSideMenuTests.m */ = {isa = PBXFileReference; lastKnownFileType = sourcecode.c.objc; path = LFSideMenuTests.m; sourceTree = "<group>"; };
		180E86A21BB3CC8A009067D9 /* Info.plist */ = {isa = PBXFileReference; lastKnownFileType = text.plist.xml; path = Info.plist; sourceTree = "<group>"; };
		180E86A71BB3CC8A009067D9 /* LFSideMenuUITests.xctest */ = {isa = PBXFileReference; explicitFileType = wrapper.cfbundle; includeInIndex = 0; path = LFSideMenuUITests.xctest; sourceTree = BUILT_PRODUCTS_DIR; };
		180E86AB1BB3CC8A009067D9 /* LFSideMenuUITests.m */ = {isa = PBXFileReference; lastKnownFileType = sourcecode.c.objc; path = LFSideMenuUITests.m; sourceTree = "<group>"; };
		180E86AD1BB3CC8A009067D9 /* Info.plist */ = {isa = PBXFileReference; lastKnownFileType = text.plist.xml; path = Info.plist; sourceTree = "<group>"; };
		180E86B91BB3CFEC009067D9 /* LFSideMenu.h */ = {isa = PBXFileReference; fileEncoding = 4; lastKnownFileType = sourcecode.c.h; path = LFSideMenu.h; sourceTree = "<group>"; };
		180E86BA1BB3CFEC009067D9 /* LFSideMenu.m */ = {isa = PBXFileReference; fileEncoding = 4; lastKnownFileType = sourcecode.c.objc; path = LFSideMenu.m; sourceTree = "<group>"; };
		1879A1D91BB8E93B005F0623 /* icon.jpg */ = {isa = PBXFileReference; lastKnownFileType = image.jpeg; path = icon.jpg; sourceTree = "<group>"; };
		18EA03E41BB8DC99007F8A11 /* LFMenuView.h */ = {isa = PBXFileReference; fileEncoding = 4; lastKnownFileType = sourcecode.c.h; path = LFMenuView.h; sourceTree = "<group>"; };
		18EA03E51BB8DC99007F8A11 /* LFMenuView.m */ = {isa = PBXFileReference; fileEncoding = 4; lastKnownFileType = sourcecode.c.objc; path = LFMenuView.m; sourceTree = "<group>"; };
/* End PBXFileReference section */

/* Begin PBXFrameworksBuildPhase section */
		180E86801BB3CC8A009067D9 /* Frameworks */ = {
			isa = PBXFrameworksBuildPhase;
			buildActionMask = 2147483647;
			files = (
			);
			runOnlyForDeploymentPostprocessing = 0;
		};
		180E86991BB3CC8A009067D9 /* Frameworks */ = {
			isa = PBXFrameworksBuildPhase;
			buildActionMask = 2147483647;
			files = (
			);
			runOnlyForDeploymentPostprocessing = 0;
		};
		180E86A41BB3CC8A009067D9 /* Frameworks */ = {
			isa = PBXFrameworksBuildPhase;
			buildActionMask = 2147483647;
			files = (
			);
			runOnlyForDeploymentPostprocessing = 0;
		};
/* End PBXFrameworksBuildPhase section */

/* Begin PBXGroup section */
		180E867A1BB3CC8A009067D9 = {
			isa = PBXGroup;
			children = (
				180E86851BB3CC8A009067D9 /* LFSideMenu */,
				180E869F1BB3CC8A009067D9 /* LFSideMenuTests */,
				180E86AA1BB3CC8A009067D9 /* LFSideMenuUITests */,
				180E86841BB3CC8A009067D9 /* Products */,
			);
			sourceTree = "<group>";
		};
		180E86841BB3CC8A009067D9 /* Products */ = {
			isa = PBXGroup;
			children = (
				180E86831BB3CC8A009067D9 /* LFSideMenu.app */,
				180E869C1BB3CC8A009067D9 /* LFSideMenuTests.xctest */,
				180E86A71BB3CC8A009067D9 /* LFSideMenuUITests.xctest */,
			);
			name = Products;
			sourceTree = "<group>";
		};
		180E86851BB3CC8A009067D9 /* LFSideMenu */ = {
			isa = PBXGroup;
			children = (
				180E86891BB3CC8A009067D9 /* AppDelegate.h */,
				180E868A1BB3CC8A009067D9 /* AppDelegate.m */,
				180E86B91BB3CFEC009067D9 /* LFSideMenu.h */,
				180E86BA1BB3CFEC009067D9 /* LFSideMenu.m */,
				18EA03E41BB8DC99007F8A11 /* LFMenuView.h */,
				18EA03E51BB8DC99007F8A11 /* LFMenuView.m */,
				180E868C1BB3CC8A009067D9 /* ViewController.h */,
				180E868D1BB3CC8A009067D9 /* ViewController.m */,
				180E868F1BB3CC8A009067D9 /* Main.storyboard */,
				180E86921BB3CC8A009067D9 /* Assets.xcassets */,
				180E86941BB3CC8A009067D9 /* LaunchScreen.storyboard */,
				1879A1D91BB8E93B005F0623 /* icon.jpg */,
				180E86971BB3CC8A009067D9 /* Info.plist */,
				180E86861BB3CC8A009067D9 /* Supporting Files */,
			);
			path = LFSideMenu;
			sourceTree = "<group>";
		};
		180E86861BB3CC8A009067D9 /* Supporting Files */ = {
			isa = PBXGroup;
			children = (
				180E86871BB3CC8A009067D9 /* main.m */,
			);
			name = "Supporting Files";
			sourceTree = "<group>";
		};
		180E869F1BB3CC8A009067D9 /* LFSideMenuTests */ = {
			isa = PBXGroup;
			children = (
				180E86A01BB3CC8A009067D9 /* LFSideMenuTests.m */,
				180E86A21BB3CC8A009067D9 /* Info.plist */,
			);
			path = LFSideMenuTests;
			sourceTree = "<group>";
		};
		180E86AA1BB3CC8A009067D9 /* LFSideMenuUITests */ = {
			isa = PBXGroup;
			children = (
				180E86AB1BB3CC8A009067D9 /* LFSideMenuUITests.m */,
				180E86AD1BB3CC8A009067D9 /* Info.plist */,
			);
			path = LFSideMenuUITests;
			sourceTree = "<group>";
		};
/* End PBXGroup section */

/* Begin PBXNativeTarget section */
		180E86821BB3CC8A009067D9 /* LFSideMenu */ = {
			isa = PBXNativeTarget;
			buildConfigurationList = 180E86B01BB3CC8A009067D9 /* Build configuration list for PBXNativeTarget "LFSideMenu" */;
			buildPhases = (
				180E867F1BB3CC8A009067D9 /* Sources */,
				180E86801BB3CC8A009067D9 /* Frameworks */,
				180E86811BB3CC8A009067D9 /* Resources */,
			);
			buildRules = (
			);
			dependencies = (
			);
			name = LFSideMenu;
			productName = LFSideMenu;
			productReference = 180E86831BB3CC8A009067D9 /* LFSideMenu.app */;
			productType = "com.apple.product-type.application";
		};
		180E869B1BB3CC8A009067D9 /* LFSideMenuTests */ = {
			isa = PBXNativeTarget;
			buildConfigurationList = 180E86B31BB3CC8A009067D9 /* Build configuration list for PBXNativeTarget "LFSideMenuTests" */;
			buildPhases = (
				180E86981BB3CC8A009067D9 /* Sources */,
				180E86991BB3CC8A009067D9 /* Frameworks */,
				180E869A1BB3CC8A009067D9 /* Resources */,
			);
			buildRules = (
			);
			dependencies = (
				180E869E1BB3CC8A009067D9 /* PBXTargetDependency */,
			);
			name = LFSideMenuTests;
			productName = LFSideMenuTests;
			productReference = 180E869C1BB3CC8A009067D9 /* LFSideMenuTests.xctest */;
			productType = "com.apple.product-type.bundle.unit-test";
		};
		180E86A61BB3CC8A009067D9 /* LFSideMenuUITests */ = {
			isa = PBXNativeTarget;
			buildConfigurationList = 180E86B61BB3CC8A009067D9 /* Build configuration list for PBXNativeTarget "LFSideMenuUITests" */;
			buildPhases = (
				180E86A31BB3CC8A009067D9 /* Sources */,
				180E86A41BB3CC8A009067D9 /* Frameworks */,
				180E86A51BB3CC8A009067D9 /* Resources */,
			);
			buildRules = (
			);
			dependencies = (
				180E86A91BB3CC8A009067D9 /* PBXTargetDependency */,
			);
			name = LFSideMenuUITests;
			productName = LFSideMenuUITests;
			productReference = 180E86A71BB3CC8A009067D9 /* LFSideMenuUITests.xctest */;
			productType = "com.apple.product-type.bundle.ui-testing";
		};
/* End PBXNativeTarget section */

/* Begin PBXProject section */
		180E867B1BB3CC8A009067D9 /* Project object */ = {
			isa = PBXProject;
			attributes = {
				LastUpgradeCheck = 0700;
				ORGANIZATIONNAME = xyb100;
				TargetAttributes = {
					180E86821BB3CC8A009067D9 = {
						CreatedOnToolsVersion = 7.0;
					};
					180E869B1BB3CC8A009067D9 = {
						CreatedOnToolsVersion = 7.0;
						TestTargetID = 180E86821BB3CC8A009067D9;
					};
					180E86A61BB3CC8A009067D9 = {
						CreatedOnToolsVersion = 7.0;
						TestTargetID = 180E86821BB3CC8A009067D9;
					};
				};
			};
			buildConfigurationList = 180E867E1BB3CC8A009067D9 /* Build configuration list for PBXProject "LFSideMenu" */;
			compatibilityVersion = "Xcode 3.2";
			developmentRegion = English;
			hasScannedForEncodings = 0;
			knownRegions = (
				en,
				Base,
			);
			mainGroup = 180E867A1BB3CC8A009067D9;
			productRefGroup = 180E86841BB3CC8A009067D9 /* Products */;
			projectDirPath = "";
			projectRoot = "";
			targets = (
				180E86821BB3CC8A009067D9 /* LFSideMenu */,
				180E869B1BB3CC8A009067D9 /* LFSideMenuTests */,
				180E86A61BB3CC8A009067D9 /* LFSideMenuUITests */,
			);
		};
/* End PBXProject section */

/* Begin PBXResourcesBuildPhase section */
		180E86811BB3CC8A009067D9 /* Resources */ = {
			isa = PBXResourcesBuildPhase;
			buildActionMask = 2147483647;
			files = (
				1879A1DA1BB8E93B005F0623 /* icon.jpg in Resources */,
				180E86961BB3CC8A009067D9 /* LaunchScreen.storyboard in Resources */,
				180E86931BB3CC8A009067D9 /* Assets.xcassets in Resources */,
				180E86911BB3CC8A009067D9 /* Main.storyboard in Resources */,
			);
			runOnlyForDeploymentPostprocessing = 0;
		};
		180E869A1BB3CC8A009067D9 /* Resources */ = {
			isa = PBXResourcesBuildPhase;
			buildActionMask = 2147483647;
			files = (
			);
			runOnlyForDeploymentPostprocessing = 0;
		};
		180E86A51BB3CC8A009067D9 /* Resources */ = {
			isa = PBXResourcesBuildPhase;
			buildActionMask = 2147483647;
			files = (
			);
			runOnlyForDeploymentPostprocessing = 0;
		};
/* End PBXResourcesBuildPhase section */

/* Begin PBXSourcesBuildPhase section */
		180E867F1BB3CC8A009067D9 /* Sources */ = {
			isa = PBXSourcesBuildPhase;
			buildActionMask = 2147483647;
			files = (
				180E868E1BB3CC8A009067D9 /* ViewController.m in Sources */,
				180E868B1BB3CC8A009067D9 /* AppDelegate.m in Sources */,
				18EA03E61BB8DC99007F8A11 /* LFMenuView.m in Sources */,
				180E86881BB3CC8A009067D9 /* main.m in Sources */,
				180E86BB1BB3CFEC009067D9 /* LFSideMenu.m in Sources */,
			);
			runOnlyForDeploymentPostprocessing = 0;
		};
		180E86981BB3CC8A009067D9 /* Sources */ = {
			isa = PBXSourcesBuildPhase;
			buildActionMask = 2147483647;
			files = (
				180E86A11BB3CC8A009067D9 /* LFSideMenuTests.m in Sources */,
			);
			runOnlyForDeploymentPostprocessing = 0;
		};
		180E86A31BB3CC8A009067D9 /* Sources */ = {
			isa = PBXSourcesBuildPhase;
			buildActionMask = 2147483647;
			files = (
				180E86AC1BB3CC8A009067D9 /* LFSideMenuUITests.m in Sources */,
			);
			runOnlyForDeploymentPostprocessing = 0;
		};
/* End PBXSourcesBuildPhase section */

/* Begin PBXTargetDependency section */
		180E869E1BB3CC8A009067D9 /* PBXTargetDependency */ = {
			isa = PBXTargetDependency;
			target = 180E86821BB3CC8A009067D9 /* LFSideMenu */;
			targetProxy = 180E869D1BB3CC8A009067D9 /* PBXContainerItemProxy */;
		};
		180E86A91BB3CC8A009067D9 /* PBXTargetDependency */ = {
			isa = PBXTargetDependency;
			target = 180E86821BB3CC8A009067D9 /* LFSideMenu */;
			targetProxy = 180E86A81BB3CC8A009067D9 /* PBXContainerItemProxy */;
		};
/* End PBXTargetDependency section */

/* Begin PBXVariantGroup section */
		180E868F1BB3CC8A009067D9 /* Main.storyboard */ = {
			isa = PBXVariantGroup;
			children = (
				180E86901BB3CC8A009067D9 /* Base */,
			);
			name = Main.storyboard;
			sourceTree = "<group>";
		};
		180E86941BB3CC8A009067D9 /* LaunchScreen.storyboard */ = {
			isa = PBXVariantGroup;
			children = (
				180E86951BB3CC8A009067D9 /* Base */,
			);
			name = LaunchScreen.storyboard;
			sourceTree = "<group>";
		};
/* End PBXVariantGroup section */

/* Begin XCBuildConfiguration section */
		180E86AE1BB3CC8A009067D9 /* Debug */ = {
			isa = XCBuildConfiguration;
			buildSettings = {
				ALWAYS_SEARCH_USER_PATHS = NO;
				CLANG_CXX_LANGUAGE_STANDARD = "gnu++0x";
				CLANG_CXX_LIBRARY = "libc++";
				CLANG_ENABLE_MODULES = YES;
				CLANG_ENABLE_OBJC_ARC = YES;
				CLANG_WARN_BOOL_CONVERSION = YES;
				CLANG_WARN_CONSTANT_CONVERSION = YES;
				CLANG_WARN_DIRECT_OBJC_ISA_USAGE = YES_ERROR;
				CLANG_WARN_EMPTY_BODY = YES;
				CLANG_WARN_ENUM_CONVERSION = YES;
				CLANG_WARN_INT_CONVERSION = YES;
				CLANG_WARN_OBJC_ROOT_CLASS = YES_ERROR;
				CLANG_WARN_UNREACHABLE_CODE = YES;
				CLANG_WARN__DUPLICATE_METHOD_MATCH = YES;
				"CODE_SIGN_IDENTITY[sdk=iphoneos*]" = "iPhone Developer";
				COPY_PHASE_STRIP = NO;
				DEBUG_INFORMATION_FORMAT = dwarf;
				ENABLE_STRICT_OBJC_MSGSEND = YES;
				ENABLE_TESTABILITY = YES;
				GCC_C_LANGUAGE_STANDARD = gnu99;
				GCC_DYNAMIC_NO_PIC = NO;
				GCC_NO_COMMON_BLOCKS = YES;
				GCC_OPTIMIZATION_LEVEL = 0;
				GCC_PREPROCESSOR_DEFINITIONS = (
					"DEBUG=1",
					"$(inherited)",
				);
				GCC_WARN_64_TO_32_BIT_CONVERSION = YES;
				GCC_WARN_ABOUT_RETURN_TYPE = YES_ERROR;
				GCC_WARN_UNDECLARED_SELECTOR = YES;
				GCC_WARN_UNINITIALIZED_AUTOS = YES_AGGRESSIVE;
				GCC_WARN_UNUSED_FUNCTION = YES;
				GCC_WARN_UNUSED_VARIABLE = YES;
				IPHONEOS_DEPLOYMENT_TARGET = 9.0;
				MTL_ENABLE_DEBUG_INFO = YES;
				ONLY_ACTIVE_ARCH = YES;
				SDKROOT = iphoneos;
				TARGETED_DEVICE_FAMILY = "1,2";
			};
			name = Debug;
		};
		180E86AF1BB3CC8A009067D9 /* Release */ = {
			isa = XCBuildConfiguration;
			buildSettings = {
				ALWAYS_SEARCH_USER_PATHS = NO;
				CLANG_CXX_LANGUAGE_STANDARD = "gnu++0x";
				CLANG_CXX_LIBRARY = "libc++";
				CLANG_ENABLE_MODULES = YES;
				CLANG_ENABLE_OBJC_ARC = YES;
				CLANG_WARN_BOOL_CONVERSION = YES;
				CLANG_WARN_CONSTANT_CONVERSION = YES;
				CLANG_WARN_DIRECT_OBJC_ISA_USAGE = YES_ERROR;
				CLANG_WARN_EMPTY_BODY = YES;
				CLANG_WARN_ENUM_CONVERSION = YES;
				CLANG_WARN_INT_CONVERSION = YES;
				CLANG_WARN_OBJC_ROOT_CLASS = YES_ERROR;
				CLANG_WARN_UNREACHABLE_CODE = YES;
				CLANG_WARN__DUPLICATE_METHOD_MATCH = YES;
				"CODE_SIGN_IDENTITY[sdk=iphoneos*]" = "iPhone Developer";
				COPY_PHASE_STRIP = NO;
				DEBUG_INFORMATION_FORMAT = "dwarf-with-dsym";
				ENABLE_NS_ASSERTIONS = NO;
				ENABLE_STRICT_OBJC_MSGSEND = YES;
				GCC_C_LANGUAGE_STANDARD = gnu99;
				GCC_NO_COMMON_BLOCKS = YES;
				GCC_WARN_64_TO_32_BIT_CONVERSION = YES;
				GCC_WARN_ABOUT_RETURN_TYPE = YES_ERROR;
				GCC_WARN_UNDECLARED_SELECTOR = YES;
				GCC_WARN_UNINITIALIZED_AUTOS = YES_AGGRESSIVE;
				GCC_WARN_UNUSED_FUNCTION = YES;
				GCC_WARN_UNUSED_VARIABLE = YES;
				IPHONEOS_DEPLOYMENT_TARGET = 9.0;
				MTL_ENABLE_DEBUG_INFO = NO;
				SDKROOT = iphoneos;
				TARGETED_DEVICE_FAMILY = "1,2";
				VALIDATE_PRODUCT = YES;
			};
			name = Release;
		};
		180E86B11BB3CC8A009067D9 /* Debug */ = {
			isa = XCBuildConfiguration;
			buildSettings = {
				ASSETCATALOG_COMPILER_APPICON_NAME = AppIcon;
				INFOPLIST_FILE = LFSideMenu/Info.plist;
				LD_RUNPATH_SEARCH_PATHS = "$(inherited) @executable_path/Frameworks";
				PRODUCT_BUNDLE_IDENTIFIER = com.xinyongbao.LFSideMenu;
				PRODUCT_NAME = "$(TARGET_NAME)";
			};
			name = Debug;
		};
		180E86B21BB3CC8A009067D9 /* Release */ = {
			isa = XCBuildConfiguration;
			buildSettings = {
				ASSETCATALOG_COMPILER_APPICON_NAME = AppIcon;
				INFOPLIST_FILE = LFSideMenu/Info.plist;
				LD_RUNPATH_SEARCH_PATHS = "$(inherited) @executable_path/Frameworks";
				PRODUCT_BUNDLE_IDENTIFIER = com.xinyongbao.LFSideMenu;
				PRODUCT_NAME = "$(TARGET_NAME)";
			};
			name = Release;
		};
		180E86B41BB3CC8A009067D9 /* Debug */ = {
			isa = XCBuildConfiguration;
			buildSettings = {
				BUNDLE_LOADER = "$(TEST_HOST)";
				INFOPLIST_FILE = LFSideMenuTests/Info.plist;
				LD_RUNPATH_SEARCH_PATHS = "$(inherited) @executable_path/Frameworks @loader_path/Frameworks";
				PRODUCT_BUNDLE_IDENTIFIER = com.xinyongbao.LFSideMenuTests;
				PRODUCT_NAME = "$(TARGET_NAME)";
				TEST_HOST = "$(BUILT_PRODUCTS_DIR)/LFSideMenu.app/LFSideMenu";
			};
			name = Debug;
		};
		180E86B51BB3CC8A009067D9 /* Release */ = {
			isa = XCBuildConfiguration;
			buildSettings = {
				BUNDLE_LOADER = "$(TEST_HOST)";
				INFOPLIST_FILE = LFSideMenuTests/Info.plist;
				LD_RUNPATH_SEARCH_PATHS = "$(inherited) @executable_path/Frameworks @loader_path/Frameworks";
				PRODUCT_BUNDLE_IDENTIFIER = com.xinyongbao.LFSideMenuTests;
				PRODUCT_NAME = "$(TARGET_NAME)";
				TEST_HOST = "$(BUILT_PRODUCTS_DIR)/LFSideMenu.app/LFSideMenu";
			};
			name = Release;
		};
		180E86B71BB3CC8A009067D9 /* Debug */ = {
			isa = XCBuildConfiguration;
			buildSettings = {
				INFOPLIST_FILE = LFSideMenuUITests/Info.plist;
				LD_RUNPATH_SEARCH_PATHS = "$(inherited) @executable_path/Frameworks @loader_path/Frameworks";
				PRODUCT_BUNDLE_IDENTIFIER = com.xinyongbao.LFSideMenuUITests;
				PRODUCT_NAME = "$(TARGET_NAME)";
				TEST_TARGET_NAME = LFSideMenu;
				USES_XCTRUNNER = YES;
			};
			name = Debug;
		};
		180E86B81BB3CC8A009067D9 /* Release */ = {
			isa = XCBuildConfiguration;
			buildSettings = {
				INFOPLIST_FILE = LFSideMenuUITests/Info.plist;
				LD_RUNPATH_SEARCH_PATHS = "$(inherited) @executable_path/Frameworks @loader_path/Frameworks";
				PRODUCT_BUNDLE_IDENTIFIER = com.xinyongbao.LFSideMenuUITests;
				PRODUCT_NAME = "$(TARGET_NAME)";
				TEST_TARGET_NAME = LFSideMenu;
				USES_XCTRUNNER = YES;
			};
			name = Release;
		};
/* End XCBuildConfiguration section */

/* Begin XCConfigurationList section */
		180E867E1BB3CC8A009067D9 /* Build configuration list for PBXProject "LFSideMenu" */ = {
			isa = XCConfigurationList;
			buildConfigurations = (
				180E86AE1BB3CC8A009067D9 /* Debug */,
				180E86AF1BB3CC8A009067D9 /* Release */,
			);
			defaultConfigurationIsVisible = 0;
			defaultConfigurationName = Release;
		};
		180E86B01BB3CC8A009067D9 /* Build configuration list for PBXNativeTarget "LFSideMenu" */ = {
			isa = XCConfigurationList;
			buildConfigurations = (
				180E86B11BB3CC8A009067D9 /* Debug */,
				180E86B21BB3CC8A009067D9 /* Release */,
			);
			defaultConfigurationIsVisible = 0;
			defaultConfigurationName = Release;
		};
		180E86B31BB3CC8A009067D9 /* Build configuration list for PBXNativeTarget "LFSideMenuTests" */ = {
			isa = XCConfigurationList;
			buildConfigurations = (
				180E86B41BB3CC8A009067D9 /* Debug */,
				180E86B51BB3CC8A009067D9 /* Release */,
			);
			defaultConfigurationIsVisible = 0;
			defaultConfigurationName = Release;
		};
		180E86B61BB3CC8A009067D9 /* Build configuration list for PBXNativeTarget "LFSideMenuUITests" */ = {
			isa = XCConfigurationList;
			buildConfigurations = (
				180E86B71BB3CC8A009067D9 /* Debug */,
				180E86B81BB3CC8A009067D9 /* Release */,
			);
			defaultConfigurationIsVisible = 0;
			defaultConfigurationName = Release;
		};
/* End XCConfigurationList section */
	};
	rootObject = 180E867B1BB3CC8A009067D9 /* Project object */;
}
